
Microsoft Visual Studio Solution File, Format Version 11.00
# Visual C# Express 2010
Project("{2150E333-8FDC-42A3-9474-1A3956D46DE8}") = "Core", "Core", "{B0D45CE2-036A-4DA1-BD3E-FDB3F7788F39}"
EndProject
Project("{FAE04EC0-301F-11D3-BF4B-00C04F79EFBC}") = "Telegraph.Core", "src\Core\Telegraph.Core\Telegraph.Core.csproj", "{B4BF545F-5005-417A-91C3-F1597558E536}"
EndProject
Project("{2150E333-8FDC-42A3-9474-1A3956D46DE8}") = "Clients", "Clients", "{FD89C194-0F45-43CC-B2BA-54107BF58969}"
EndProject
Project("{FAE04EC0-301F-11D3-BF4B-00C04F79EFBC}") = "Telegraph.Clients.Dumb", "src\Clients\Dumb\Telegraph.Clients.Dumb.csproj", "{676F1C9D-2C7F-401E-B8C8-6C12B82E70E0}"
EndProject
Project("{2150E333-8FDC-42A3-9474-1A3956D46DE8}") = "Libraries", "Libraries", "{2E29DC68-A47B-4E40-AE4C-ABB8577DF4FB}"
EndProject
Project("{FAE04EC0-301F-11D3-BF4B-00C04F79EFBC}") = "Mono.Addins", "src\Libraries\Mono.Addins\Mono.Addins\Mono.Addins.csproj", "{91DD5A2D-9FE3-4C3C-9253-876141874DAD}"
EndProject
Project("{2150E333-8FDC-42A3-9474-1A3956D46DE8}") = "Frontends", "Frontends", "{26CB68CB-FB08-476C-A118-6C0F9E96795D}"
EndProject
Project("{FAE04EC0-301F-11D3-BF4B-00C04F79EFBC}") = "Telegraph.Frontends.Console", "src\Frontends\Console\Telegraph.Frontends.Console.csproj", "{AE6382B1-12A2-4D8A-A4E5-9CD3B61F7BD4}"
EndProject
Global
	GlobalSection(SolutionConfigurationPlatforms) = preSolution
		Debug|Any CPU = Debug|Any CPU
		Debug|Mixed Platforms = Debug|Mixed Platforms
		Debug|x86 = Debug|x86
		Release|Any CPU = Release|Any CPU
		Release|Mixed Platforms = Release|Mixed Platforms
		Release|x86 = Release|x86
	EndGlobalSection
	GlobalSection(ProjectConfigurationPlatforms) = postSolution
		{B4BF545F-5005-417A-91C3-F1597558E536}.Debug|Any CPU.ActiveCfg = Debug|Any CPU
		{B4BF545F-5005-417A-91C3-F1597558E536}.Debug|Any CPU.Build.0 = Debug|Any CPU
		{B4BF545F-5005-417A-91C3-F1597558E536}.Debug|Mixed Platforms.ActiveCfg = Debug|Any CPU
		{B4BF545F-5005-417A-91C3-F1597558E536}.Debug|Mixed Platforms.Build.0 = Debug|Any CPU
		{B4BF545F-5005-417A-91C3-F1597558E536}.Debug|x86.ActiveCfg = Debug|Any CPU
		{B4BF545F-5005-417A-91C3-F1597558E536}.Debug|x86.Build.0 = Debug|Any CPU
		{B4BF545F-5005-417A-91C3-F1597558E536}.Release|Any CPU.ActiveCfg = Release|Any CPU
		{B4BF545F-5005-417A-91C3-F1597558E536}.Release|Any CPU.Build.0 = Release|Any CPU
		{B4BF545F-5005-417A-91C3-F1597558E536}.Release|Mixed Platforms.ActiveCfg = Release|Any CPU
		{B4BF545F-5005-417A-91C3-F1597558E536}.Release|Mixed Platforms.Build.0 = Release|Any CPU
		{B4BF545F-5005-417A-91C3-F1597558E536}.Release|x86.ActiveCfg = Release|Any CPU
		{B4BF545F-5005-417A-91C3-F1597558E536}.Release|x86.Build.0 = Release|Any CPU
		{676F1C9D-2C7F-401E-B8C8-6C12B82E70E0}.Debug|Any CPU.ActiveCfg = Debug|Any CPU
		{676F1C9D-2C7F-401E-B8C8-6C12B82E70E0}.Debug|Any CPU.Build.0 = Debug|Any CPU
		{676F1C9D-2C7F-401E-B8C8-6C12B82E70E0}.Debug|Mixed Platforms.ActiveCfg = Debug|Any CPU
		{676F1C9D-2C7F-401E-B8C8-6C12B82E70E0}.Debug|Mixed Platforms.Build.0 = Debug|Any CPU
		{676F1C9D-2C7F-401E-B8C8-6C12B82E70E0}.Debug|x86.ActiveCfg = Debug|Any CPU
		{676F1C9D-2C7F-401E-B8C8-6C12B82E70E0}.Debug|x86.Build.0 = Debug|Any CPU
		{676F1C9D-2C7F-401E-B8C8-6C12B82E70E0}.Release|Any CPU.ActiveCfg = Release|Any CPU
		{676F1C9D-2C7F-401E-B8C8-6C12B82E70E0}.Release|Any CPU.Build.0 = Release|Any CPU
		{676F1C9D-2C7F-401E-B8C8-6C12B82E70E0}.Release|Mixed Platforms.ActiveCfg = Release|Any CPU
		{676F1C9D-2C7F-401E-B8C8-6C12B82E70E0}.Release|Mixed Platforms.Build.0 = Release|Any CPU
		{676F1C9D-2C7F-401E-B8C8-6C12B82E70E0}.Release|x86.ActiveCfg = Release|Any CPU
		{676F1C9D-2C7F-401E-B8C8-6C12B82E70E0}.Release|x86.Build.0 = Release|Any CPU
		{91DD5A2D-9FE3-4C3C-9253-876141874DAD}.Debug|Any CPU.ActiveCfg = Debug|Any CPU
		{91DD5A2D-9FE3-4C3C-9253-876141874DAD}.Debug|Any CPU.Build.0 = Debug|Any CPU
		{91DD5A2D-9FE3-4C3C-9253-876141874DAD}.Debug|Mixed Platforms.ActiveCfg = Debug|Any CPU
		{91DD5A2D-9FE3-4C3C-9253-876141874DAD}.Debug|Mixed Platforms.Build.0 = Debug|Any CPU
		{91DD5A2D-9FE3-4C3C-9253-876141874DAD}.Debug|x86.ActiveCfg = Debug|Any CPU
		{91DD5A2D-9FE3-4C3C-9253-876141874DAD}.Debug|x86.Build.0 = Debug|Any CPU
		{91DD5A2D-9FE3-4C3C-9253-876141874DAD}.Release|Any CPU.ActiveCfg = Release|Any CPU
		{91DD5A2D-9FE3-4C3C-9253-876141874DAD}.Release|Any CPU.Build.0 = Release|Any CPU
		{91DD5A2D-9FE3-4C3C-9253-876141874DAD}.Release|Mixed Platforms.ActiveCfg = Release|Any CPU
		{91DD5A2D-9FE3-4C3C-9253-876141874DAD}.Release|Mixed Platforms.Build.0 = Release|Any CPU
		{91DD5A2D-9FE3-4C3C-9253-876141874DAD}.Release|x86.ActiveCfg = Release|Any CPU
		{91DD5A2D-9FE3-4C3C-9253-876141874DAD}.Release|x86.Build.0 = Release|Any CPU
		{AE6382B1-12A2-4D8A-A4E5-9CD3B61F7BD4}.Debug|Any CPU.ActiveCfg = Debug|x86
		{AE6382B1-12A2-4D8A-A4E5-9CD3B61F7BD4}.Debug|Any CPU.Build.0 = Debug|x86
		{AE6382B1-12A2-4D8A-A4E5-9CD3B61F7BD4}.Debug|Mixed Platforms.ActiveCfg = Debug|x86
		{AE6382B1-12A2-4D8A-A4E5-9CD3B61F7BD4}.Debug|Mixed Platforms.Build.0 = Debug|x86
		{AE6382B1-12A2-4D8A-A4E5-9CD3B61F7BD4}.Debug|x86.ActiveCfg = Debug|x86
		{AE6382B1-12A2-4D8A-A4E5-9CD3B61F7BD4}.Debug|x86.Build.0 = Debug|x86
		{AE6382B1-12A2-4D8A-A4E5-9CD3B61F7BD4}.Release|Any CPU.ActiveCfg = Release|x86
		{AE6382B1-12A2-4D8A-A4E5-9CD3B61F7BD4}.Release|Any CPU.Build.0 = Release|x86
		{AE6382B1-12A2-4D8A-A4E5-9CD3B61F7BD4}.Release|Mixed Platforms.ActiveCfg = Release|x86
		{AE6382B1-12A2-4D8A-A4E5-9CD3B61F7BD4}.Release|Mixed Platforms.Build.0 = Release|x86
		{AE6382B1-12A2-4D8A-A4E5-9CD3B61F7BD4}.Release|x86.ActiveCfg = Release|x86
		{AE6382B1-12A2-4D8A-A4E5-9CD3B61F7BD4}.Release|x86.Build.0 = Release|x86
	EndGlobalSection
	GlobalSection(SolutionProperties) = preSolution
		HideSolutionNode = FALSE
	EndGlobalSection
	GlobalSection(NestedProjects) = preSolution
		{B4BF545F-5005-417A-91C3-F1597558E536} = {B0D45CE2-036A-4DA1-BD3E-FDB3F7788F39}
		{676F1C9D-2C7F-401E-B8C8-6C12B82E70E0} = {FD89C194-0F45-43CC-B2BA-54107BF58969}
		{91DD5A2D-9FE3-4C3C-9253-876141874DAD} = {2E29DC68-A47B-4E40-AE4C-ABB8577DF4FB}
		{AE6382B1-12A2-4D8A-A4E5-9CD3B61F7BD4} = {26CB68CB-FB08-476C-A118-6C0F9E96795D}
	EndGlobalSection
	GlobalSection(MonoDevelopProperties) = preSolution
		StartupItem = src\Frontends\Console\Telegraph.Frontends.Console.csproj
		outputpath = bin
	EndGlobalSection
EndGlobal
