
Microsoft Visual Studio Solution File, Format Version 11.00
# Visual C# Express 2010
Project("{FAE04EC0-301F-11D3-BF4B-00C04F79EFBC}") = "Mono.Addins", "Mono.Addins\Mono.Addins.csproj", "{91DD5A2D-9FE3-4C3C-9253-876141874DAD}"
EndProject
Project("{FAE04EC0-301F-11D3-BF4B-00C04F79EFBC}") = "mautil", "mautil\mautil.csproj", "{EA2F08DC-8289-4A89-A405-1A70D8B4C569}"
EndProject
Project("{FAE04EC0-301F-11D3-BF4B-00C04F79EFBC}") = "Mono.Addins.Setup", "Mono.Addins.Setup\Mono.Addins.Setup.csproj", "{A85C9721-C054-4BD8-A1F3-0227615F0A36}"
EndProject
Project("{FAE04EC0-301F-11D3-BF4B-00C04F79EFBC}") = "Mono.Addins.CecilReflector", "Mono.Addins.CecilReflector\Mono.Addins.CecilReflector.csproj", "{42D1CE65-A14B-4218-B787-58AD7AA68513}"
EndProject
Global
	GlobalSection(SolutionConfigurationPlatforms) = preSolution
		Debug|Any CPU = Debug|Any CPU
		Release|Any CPU = Release|Any CPU
	EndGlobalSection
	GlobalSection(ProjectConfigurationPlatforms) = postSolution
		{91DD5A2D-9FE3-4C3C-9253-876141874DAD}.Debug|Any CPU.ActiveCfg = Debug|Any CPU
		{91DD5A2D-9FE3-4C3C-9253-876141874DAD}.Debug|Any CPU.Build.0 = Debug|Any CPU
		{91DD5A2D-9FE3-4C3C-9253-876141874DAD}.Release|Any CPU.ActiveCfg = Release|Any CPU
		{91DD5A2D-9FE3-4C3C-9253-876141874DAD}.Release|Any CPU.Build.0 = Release|Any CPU
		{EA2F08DC-8289-4A89-A405-1A70D8B4C569}.Debug|Any CPU.ActiveCfg = Debug|Any CPU
		{EA2F08DC-8289-4A89-A405-1A70D8B4C569}.Debug|Any CPU.Build.0 = Debug|Any CPU
		{EA2F08DC-8289-4A89-A405-1A70D8B4C569}.Release|Any CPU.ActiveCfg = Release|Any CPU
		{EA2F08DC-8289-4A89-A405-1A70D8B4C569}.Release|Any CPU.Build.0 = Release|Any CPU
		{A85C9721-C054-4BD8-A1F3-0227615F0A36}.Debug|Any CPU.ActiveCfg = Debug|Any CPU
		{A85C9721-C054-4BD8-A1F3-0227615F0A36}.Debug|Any CPU.Build.0 = Debug|Any CPU
		{A85C9721-C054-4BD8-A1F3-0227615F0A36}.Release|Any CPU.ActiveCfg = Release|Any CPU
		{A85C9721-C054-4BD8-A1F3-0227615F0A36}.Release|Any CPU.Build.0 = Release|Any CPU
		{42D1CE65-A14B-4218-B787-58AD7AA68513}.Debug|Any CPU.ActiveCfg = Debug|Any CPU
		{42D1CE65-A14B-4218-B787-58AD7AA68513}.Debug|Any CPU.Build.0 = Debug|Any CPU
		{42D1CE65-A14B-4218-B787-58AD7AA68513}.Release|Any CPU.ActiveCfg = Release|Any CPU
		{42D1CE65-A14B-4218-B787-58AD7AA68513}.Release|Any CPU.Build.0 = Release|Any CPU
	EndGlobalSection
	GlobalSection(SolutionProperties) = preSolution
		HideSolutionNode = FALSE
	EndGlobalSection
	GlobalSection(MonoDevelopProperties) = preSolution
		StartupItem = Mono.Addins\Mono.Addins.csproj
		Policies = $0
		$0.DotNetNamingPolicy = $1
		$1.DirectoryNamespaceAssociation = Flat
		$1.ResourceNamePolicy = FileName
		$0.StandardHeader = $2
		$2.inheritsSet = MITX11License
		$0.TextStylePolicy = $3
		$3.FileWidth = 120
		$3.TabWidth = 4
		$3.inheritsSet = Mono
		$3.inheritsScope = text/plain
		$0.VersionControlPolicy = $4
		$4.inheritsSet = Mono
		$0.ChangeLogPolicy = $5
		$5.UpdateMode = ProjectRoot
		$5.inheritsSet = Mono
		name = Mono.Addins
		defaultDeployTarget = Directory
	EndGlobalSection
EndGlobal
